# Generated by pub
# See https://dart.dev/tools/pub/glossary#lockfile
packages:
  _fe_analyzer_shared:
    dependency: transitive
    description:
      name: _fe_analyzer_shared
      sha256: "4d2a2c7f5e6db6acd2f4a7f713b308b45668c9573a11d0eda10936fb21fc5467"
      url: "https://pub.dev"
    source: hosted
    version: "14.0.0"
  analyzer:
    dependency: transitive
    description:
      name: analyzer
      sha256: "9fe5033adc3e8b19884e5ba296400be3794483acb53c2b68f8683744c9a7a9c7"
      url: "https://pub.dev"
    source: hosted
    version: "0.41.2"
  archive:
    dependency: transitive
    description:
      name: archive
      sha256: f06332efd7b0886705a929c5d3b52cda4d6d0979627c1dbe9a18fc24becf50ae
      url: "https://pub.dev"
    source: hosted
    version: "2.0.13"
  args:
    dependency: transitive
    description:
      name: args
      sha256: "6ba785824030bc97154264652acfd6a2dc699cd85f6def708fb7534d23ef1348"
      url: "https://pub.dev"
    source: hosted
    version: "1.6.0"
  async:
    dependency: transitive
    description:
      name: async
      sha256: bfe67ef28df125b7dddcea62755991f807aa39a2492a23e1550161692950bbe0
      url: "https://pub.dev"
    source: hosted
    version: "2.10.0"
  bloc:
    dependency: "direct main"
    description:
      name: bloc
      sha256: d6e1fb79077150086973a6fb947516940383a38f2244d93b73fba2450f6ab57e
      url: "https://pub.dev"
    source: hosted
    version: "6.1.1"
  boolean_selector:
    dependency: transitive
    description:
      name: boolean_selector
      sha256: "6cfb5af12253eaf2b368f07bacc5a80d1301a071c73360d746b7f2e32d762c66"
      url: "https://pub.dev"
    source: hosted
    version: "2.1.1"
  build:
    dependency: transitive
    description:
      name: build
      sha256: e2cb6d6becb0ee2e3adfdecf4f1c4016bcfed589a3e5f6a4afff7384cf6c25c4
      url: "https://pub.dev"
    source: hosted
    version: "1.6.2"
  build_config:
    dependency: transitive
    description:
      name: build_config
      sha256: "9e5aa739e28154fc8b5c483ab54ad861759529ec455f8636106166ad0e5ab1b8"
      url: "https://pub.dev"
    source: hosted
    version: "0.4.5"
  build_daemon:
    dependency: transitive
    description:
      name: build_daemon
      sha256: "1beaba767c7522048b93208f61304f5d60ff84eeba52b154fb7475cd2611be12"
      url: "https://pub.dev"
    source: hosted
    version: "2.1.7"
  build_resolvers:
    dependency: transitive
    description:
      name: build_resolvers
      sha256: f11143f4a009ba43e4acb2bb78e72bf8cee8950bb102bd2a9141b0bab5332143
      url: "https://pub.dev"
    source: hosted
    version: "1.5.3"
  build_runner:
    dependency: "direct dev"
    description:
      name: build_runner
      sha256: "5515dc3434d75c264e398b29e8af83144b7461c83a7e319c3e93448dc21ccd3d"
      url: "https://pub.dev"
    source: hosted
    version: "1.11.1"
  build_runner_core:
    dependency: transitive
    description:
      name: build_runner_core
      sha256: "5922763d4501c59f46d0aec8fcd344cbe5e90bcd27e4237f630199968561664b"
      url: "https://pub.dev"
    source: hosted
    version: "6.1.7"
  built_collection:
    dependency: transitive
    description:
      name: built_collection
      sha256: "4b741b723310592422031210f77c9707ad1e5ea2a061eb21a8b5d8308a8b92be"
      url: "https://pub.dev"
    source: hosted
    version: "4.3.2"
  built_value:
    dependency: transitive
    description:
      name: built_value
      sha256: "8c7cbec28b45345725c379fd06dc05ea1e318291906c018bdd321644fdbb5df9"
      url: "https://pub.dev"
    source: hosted
    version: "7.1.0"
  cached_network_image:
    dependency: "direct main"
    description:
      name: cached_network_image
      sha256: "9634fbb5443449a0761d05e799a844277edf86a05a898900858eea55ecedcdc3"
      url: "https://pub.dev"
    source: hosted
    version: "2.5.0"
  camera:
    dependency: "direct main"
    description:
      name: camera
      sha256: ee7edb1044840885acb0239c5bca4f6746dbb2d37e49ae2eef18b101a3da63db
      url: "https://pub.dev"
    source: hosted
    version: "0.7.0+2"
  camera_platform_interface:
    dependency: transitive
    description:
      name: camera_platform_interface
      sha256: "1e0f9b33a0360185a7d4f070a0ef153fe6e5bda6e0fd721a5b997a79b9204aec"
      url: "https://pub.dev"
    source: hosted
    version: "1.5.0"
  characters:
    dependency: transitive
    description:
      name: characters
      sha256: e6a326c8af69605aec75ed6c187d06b349707a27fbff8222ca9cc2cff167975c
      url: "https://pub.dev"
    source: hosted
    version: "1.2.1"
  charcode:
    dependency: transitive
    description:
      name: charcode
      sha256: fb98c0f6d12c920a02ee2d998da788bca066ca5f148492b7085ee23372b12306
      url: "https://pub.dev"
    source: hosted
    version: "1.3.1"
  checked_yaml:
    dependency: transitive
    description:
      name: checked_yaml
      sha256: d051b31d88264beeeef1fa971f19d9a1d614b157bc60dad5b3b360f996e48656
      url: "https://pub.dev"
    source: hosted
    version: "1.0.4"
  cli_util:
    dependency: transitive
    description:
      name: cli_util
      sha256: "169b78fc76cf2bb72bab114c6142a20ab7c4ceb7449f8fb8840bb15c9ef1ba27"
      url: "https://pub.dev"
    source: hosted
    version: "0.2.0"
  clock:
    dependency: transitive
    description:
      name: clock
      sha256: cb6d7f03e1de671e34607e909a7213e31d7752be4fb66a86d29fe1eb14bfb5cf
      url: "https://pub.dev"
    source: hosted
    version: "1.1.1"
  cloud_firestore:
    dependency: "direct main"
    description:
      name: cloud_firestore
      sha256: "63df0b34b0ac63f2bdf17bd23d17f145cda2a93af56564ccc80f631d7b917fbc"
      url: "https://pub.dev"
    source: hosted
    version: "0.14.4"
  cloud_firestore_platform_interface:
    dependency: transitive
    description:
      name: cloud_firestore_platform_interface
      sha256: "1efba0ea6d677e4e7d03b90f5ab6ea76b2b4d87048a06ef84edfbf6105abb8d3"
      url: "https://pub.dev"
    source: hosted
    version: "2.2.1"
  cloud_firestore_web:
    dependency: transitive
    description:
      name: cloud_firestore_web
      sha256: f96079ebc744099e362b45511890c6fabeadaed04f1a068cb36048c1c37dbe71
      url: "https://pub.dev"
    source: hosted
    version: "0.2.1+2"
  code_builder:
    dependency: transitive
    description:
      name: code_builder
      sha256: "5a10b34a0f4fd65d8858a3b1a5274038c4efd69318f242eb346c5cea8d44fa21"
      url: "https://pub.dev"
    source: hosted
    version: "3.6.0"
  collection:
    dependency: transitive
    description:
      name: collection
      sha256: cfc915e6923fe5ce6e153b0723c753045de46de1b4d63771530504004a45fae0
      url: "https://pub.dev"
    source: hosted
    version: "1.17.0"
  connectivity:
    dependency: "direct main"
    description:
      name: connectivity
      sha256: "11da8df109411ce0399e27e18ad993d131af61ed6c91b8a14d6e15b05354fddd"
      url: "https://pub.dev"
    source: hosted
    version: "2.0.2"
  connectivity_for_web:
    dependency: transitive
    description:
      name: connectivity_for_web
      sha256: a90f39f9e2c9533a189b05596ce2eea9494b61efa34a78f079ba06fa4c50075d
      url: "https://pub.dev"
    source: hosted
    version: "0.3.1+4"
  connectivity_macos:
    dependency: transitive
    description:
      name: connectivity_macos
      sha256: "2ac537281b02e1117f50b154bd5a6b18cb889d6c18e2f415104886e4d2b6549e"
      url: "https://pub.dev"
    source: hosted
    version: "0.1.0+7"
  connectivity_platform_interface:
    dependency: transitive
    description:
      name: connectivity_platform_interface
      sha256: "3e3c0891ec5d22c0e265b0df5743810c91160a30ac4f3327cf04fd24782e8add"
      url: "https://pub.dev"
    source: hosted
    version: "1.0.6"
  convert:
    dependency: transitive
    description:
      name: convert
      sha256: "3fa83bc417e26f1d55814443a603747d48e3cdf55b2f4fea27dea8e9224dcefd"
      url: "https://pub.dev"
    source: hosted
    version: "2.1.1"
  cross_file:
    dependency: transitive
    description:
      name: cross_file
      sha256: "689ed0a6813cd4459e5589cae886416008db8319e7788685ba3ec216522f83b7"
      url: "https://pub.dev"
    source: hosted
    version: "0.1.0"
  crypto:
    dependency: transitive
    description:
      name: crypto
      sha256: "3ce628f3c6a7144be6c524dbb20ca5af52fa59c850c587bf5e52cd70ece8e7e8"
      url: "https://pub.dev"
    source: hosted
    version: "2.1.5"
  cupertino_icons:
    dependency: "direct main"
    description:
      name: cupertino_icons
      sha256: "518143a923a4c83ddc2fa0bfbbbd750d8e31d21d90ecad21b570ea94df9807b1"
      url: "https://pub.dev"
    source: hosted
    version: "1.0.0"
  dart_style:
    dependency: transitive
    description:
      name: dart_style
      sha256: "278086e3195b7d1ec7b070e97be44dbb93672af4bc832e055b8ff835bd1acf83"
      url: "https://pub.dev"
    source: hosted
    version: "1.3.11"
  dartx:
    dependency: transitive
    description:
      name: dartx
      sha256: "6a58805ea914928d1b9c80c4a5773f77e5bff1a3867853343da659852b9eff38"
      url: "https://pub.dev"
    source: hosted
    version: "0.5.0"
  enum_to_string:
    dependency: "direct main"
    description:
      name: enum_to_string
      sha256: bd9e83a33b754cb43a75b36a9af2a0b92a757bfd9847d2621ca0b1bed45f8e7a
      url: "https://pub.dev"
    source: hosted
    version: "2.0.1"
  equatable:
    dependency: "direct main"
    description:
      name: equatable
      sha256: "6d80ee2eda2a2a37646cb28b9e8292dcd1256e3b3eeafdd5693b843c055513fc"
      url: "https://pub.dev"
    source: hosted
    version: "1.2.5"
  fake_async:
    dependency: transitive
    description:
      name: fake_async
      sha256: "511392330127add0b769b75a987850d136345d9227c6b94c96a04cf4a391bf78"
      url: "https://pub.dev"
    source: hosted
    version: "1.3.1"
  ffi:
    dependency: transitive
    description:
      name: ffi
      sha256: "284195c7170e7f11734fb7191d7780e837fca975ea825eb01587830fa978dd95"
      url: "https://pub.dev"
    source: hosted
    version: "0.1.3"
  file:
    dependency: transitive
    description:
      name: file
      sha256: "781811e896666e9a728fd85b13129e32d73f05167a5da1891739f4609c6a8d7d"
      url: "https://pub.dev"
    source: hosted
    version: "5.2.1"
  firebase:
    dependency: transitive
    description:
      name: firebase
      sha256: "587cc00f86bba331e5b033ea85e4cc787d8874e250141de8307c876547236519"
      url: "https://pub.dev"
    source: hosted
    version: "7.3.3"
  firebase_analytics:
    dependency: "direct main"
    description:
      name: firebase_analytics
      sha256: "8f53e8f779aa309c10e7a44cb86fc317605f9638c4f1747cf582bd454261afb9"
      url: "https://pub.dev"
    source: hosted
    version: "6.3.0"
  firebase_analytics_platform_interface:
    dependency: transitive
    description:
      name: firebase_analytics_platform_interface
      sha256: e1bb67b2db37396e6e1b22d85259952612dd769d62f3762d0d662bda747798dd
      url: "https://pub.dev"
    source: hosted
    version: "1.0.3"
  firebase_analytics_web:
    dependency: transitive
    description:
      name: firebase_analytics_web
      sha256: c2562a0913a326525dbdf243c685ca9ca29426b38bd9d6781482f3fcdaea20f0
      url: "https://pub.dev"
    source: hosted
    version: "0.1.1"
  firebase_auth:
    dependency: "direct main"
    description:
      name: firebase_auth
      sha256: a6dffe01f458a0052d767e8351b4991f4c8ca8b441fda285789642743132a60e
      url: "https://pub.dev"
    source: hosted
    version: "0.18.4+1"
  firebase_auth_platform_interface:
    dependency: transitive
    description:
      name: firebase_auth_platform_interface
      sha256: e14502c6cb3f147fcab624b0af3adc7c0cd8ad6558496313c4cc599618517ec5
      url: "https://pub.dev"
    source: hosted
    version: "2.1.4"
  firebase_auth_web:
    dependency: transitive
    description:
      name: firebase_auth_web
      sha256: "33798b89244db802abc1164eba750e870adadc68dad8532b16a8121974debcef"
      url: "https://pub.dev"
    source: hosted
    version: "0.3.2+3"
  firebase_core:
    dependency: "direct main"
    description:
      name: firebase_core
      sha256: bdba9a7ed4a2693498e76bf05facb186d944dd6691ebb6d2efa1d63d04a50318
      url: "https://pub.dev"
    source: hosted
    version: "0.5.3"
  firebase_core_platform_interface:
    dependency: transitive
    description:
      name: firebase_core_platform_interface
      sha256: bd0e7855c1c127d0f4e4767c3fd9d770c0ba4598e0cf10f2df2c1ffe5fb2c318
      url: "https://pub.dev"
    source: hosted
    version: "2.1.0"
  firebase_core_web:
    dependency: transitive
    description:
      name: firebase_core_web
      sha256: "0e45dac298d84373d82d9d302363842b2a46cbc859a23ae19cdce1d40162dde7"
      url: "https://pub.dev"
    source: hosted
    version: "0.2.1+1"
  firebase_storage:
    dependency: "direct main"
    description:
      name: firebase_storage
      sha256: "9bf7d0b13756c221bed7c3e26e671427f0ed8659755a12cd706c5e9c4df994d3"
      url: "https://pub.dev"
    source: hosted
    version: "5.2.0"
  firebase_storage_platform_interface:
    dependency: transitive
    description:
      name: firebase_storage_platform_interface
      sha256: d7a0fb8d136760c2bae2e6d69c256a6657d869d204bef743a9d6674027267578
      url: "https://pub.dev"
    source: hosted
    version: "1.0.2"
  firebase_storage_web:
    dependency: transitive
    description:
      name: firebase_storage_web
      sha256: d8aad2b21b02e95bd040565a587e103630519226b0da18aa0ef19a2822deea16
      url: "https://pub.dev"
    source: hosted
    version: "0.1.1+1"
  fixnum:
    dependency: transitive
    description:
      name: fixnum
      sha256: "3b298dacb1898a8f5fddec19388b899b0f13195066b89fa66391e5e92f6c2052"
      url: "https://pub.dev"
    source: hosted
    version: "0.10.11"
  flutter:
    dependency: "direct main"
    description: flutter
    source: sdk
    version: "0.0.0"
  flutter_bloc:
    dependency: "direct main"
    description:
      name: flutter_bloc
      sha256: "41e2f27559109ae2fa6c687dec4a60877703fc84b7496ed877fcc70b562fb4fd"
      url: "https://pub.dev"
    source: hosted
    version: "6.1.1"
  flutter_blurhash:
    dependency: transitive
    description:
      name: flutter_blurhash
      sha256: "339d896c432b8d10d558620cc1614757f8f723b208eebde84531c620928a9230"
      url: "https://pub.dev"
    source: hosted
    version: "0.5.0"
  flutter_cache_manager:
    dependency: transitive
    description:
      name: flutter_cache_manager
      sha256: "5def992570874ce8c0f2c58a12da332e6390dbca44c95fad1ceabdfab1fa28ce"
      url: "https://pub.dev"
    source: hosted
    version: "2.1.1"
  flutter_staggered_grid_view:
    dependency: "direct main"
    description:
      name: flutter_staggered_grid_view
      sha256: "0052cad863d49948c4ea5b72f3df3ad1abb2b85a7983f8c76c9cc2a6cff1133c"
      url: "https://pub.dev"
    source: hosted
    version: "0.3.4"
  flutter_svg:
    dependency: "direct main"
    description:
      name: flutter_svg
      sha256: a95b013ef156de095dc6ec218920380c8d83db52b97df4d56c3e77fbf1c4d3c5
      url: "https://pub.dev"
    source: hosted
    version: "0.18.0"
  flutter_test:
    dependency: "direct dev"
    description: flutter
    source: sdk
    version: "0.0.0"
  flutter_web_plugins:
    dependency: transitive
    description: flutter
    source: sdk
    version: "0.0.0"
  get:
    dependency: "direct main"
    description:
      name: get
      sha256: abe12728894c8076b3a6706bd807577353fd98f92e26c73a0262f0323442a1f0
      url: "https://pub.dev"
    source: hosted
    version: "3.24.0"
  glob:
    dependency: transitive
    description:
      name: glob
      sha256: "7a3d9aac121f4e7ec23ca7a32e383188ddd416dbaca7f5dc52c8fd98bbceb43b"
      url: "https://pub.dev"
    source: hosted
    version: "1.2.0"
  google_fonts:
    dependency: "direct main"
    description:
      name: google_fonts
      sha256: fef0a13852ef800c53188b35d559378f445d8cfab24d9c88830eb88e14840900
      url: "https://pub.dev"
    source: hosted
    version: "1.1.2"
  graphs:
    dependency: transitive
    description:
      name: graphs
      sha256: db4e50f399d69bf7349d4e99e8dabd74fad51c0574f36b8d3613ef465715af52
      url: "https://pub.dev"
    source: hosted
    version: "0.2.0"
  hive:
    dependency: "direct main"
    description:
      name: hive
      sha256: "82fdfc312023d1c54229ebe065957cfbf1a766f02ff87dc189c5f32f81bdfa01"
      url: "https://pub.dev"
    source: hosted
    version: "1.4.4+1"
  hive_flutter:
    dependency: "direct main"
    description:
      name: hive_flutter
      sha256: f7bc1b2eff1700f9d9b75da9ee13168e8ed921221e36b9efee6f77c46760e255
      url: "https://pub.dev"
    source: hosted
    version: "0.3.1"
  hive_generator:
    dependency: "direct dev"
    description:
      name: hive_generator
      sha256: e2e220c5d211a3461de4c3ac66c42158f3d26a3130aac1548d9f20d48090909d
      url: "https://pub.dev"
    source: hosted
    version: "0.8.2"
  http:
    dependency: transitive
    description:
      name: http
      sha256: "411262398b34f52b9baac4860a1aa6e4779037ba9289c19b4cd16928efa97a2b"
      url: "https://pub.dev"
    source: hosted
    version: "0.12.2"
  http_multi_server:
    dependency: transitive
    description:
      name: http_multi_server
      sha256: "90daef58b775dc37bc409f4053763503f6544f6af7c910d2c2a7f1946554e5e5"
      url: "https://pub.dev"
    source: hosted
    version: "2.2.0"
  http_parser:
    dependency: transitive
    description:
      name: http_parser
      sha256: "9d2b0626e9e402fc98e6868360da8f256064d6c0b8e4c3edcca5e02fb0b95da9"
      url: "https://pub.dev"
    source: hosted
    version: "3.1.4"
  image:
    dependency: transitive
    description:
      name: image
      sha256: "3ef4d4b6eb16111f24314f6f85a8852ebb5f6f85ae51ed2bca72edc273c16734"
      url: "https://pub.dev"
    source: hosted
    version: "2.1.19"
  intl:
    dependency: "direct main"
    description:
      name: intl
      sha256: "4691515bb3f68ebbc4776bc97a84d429bb8e8c141a77b5ab988a4b02adb1747a"
      url: "https://pub.dev"
    source: hosted
    version: "0.16.1"
  io:
    dependency: transitive
    description:
      name: io
      sha256: "69955598ee18b1044fc2e5199a146ea871f59561d5fdda5bdf4cc80644d81a04"
      url: "https://pub.dev"
    source: hosted
    version: "0.3.4"
  js:
    dependency: transitive
    description:
      name: js
      sha256: "5528c2f391ededb7775ec1daa69e65a2d61276f7552de2b5f7b8d34ee9fd4ab7"
      url: "https://pub.dev"
    source: hosted
    version: "0.6.5"
  json_annotation:
    dependency: transitive
    description:
      name: json_annotation
      sha256: "6cec7404b25d6338c8cb7b30131cd6c760079a4ec1fa7846c55bdda91f9d2819"
      url: "https://pub.dev"
    source: hosted
    version: "3.1.1"
  liquid_pull_to_refresh:
    dependency: "direct main"
    description:
      name: liquid_pull_to_refresh
      sha256: "8de2ef52275b1746048b77a9b9e711d3014b92c66103006e5d9fad7a9152c8c3"
      url: "https://pub.dev"
    source: hosted
    version: "2.0.0"
  logging:
    dependency: transitive
    description:
      name: logging
      sha256: "239402c239e2a390cf745af3a496fb985dc8f0b31b3f5fe0d460e42289d33ad7"
      url: "https://pub.dev"
    source: hosted
    version: "0.11.4"
  matcher:
    dependency: transitive
    description:
      name: matcher
      sha256: "16db949ceee371e9b99d22f88fa3a73c4e59fd0afed0bd25fc336eb76c198b72"
      url: "https://pub.dev"
    source: hosted
    version: "0.12.13"
  material_color_utilities:
    dependency: transitive
    description:
      name: material_color_utilities
      sha256: d92141dc6fe1dad30722f9aa826c7fbc896d021d792f80678280601aff8cf724
      url: "https://pub.dev"
    source: hosted
    version: "0.2.0"
  meta:
    dependency: "direct main"
    description:
      name: meta
      sha256: "6c268b42ed578a53088d834796959e4a1814b5e9e164f147f580a386e5decf42"
      url: "https://pub.dev"
    source: hosted
    version: "1.8.0"
  mime:
    dependency: transitive
    description:
      name: mime
      sha256: "5041f313f4e30fbd70dee7c0403785a4ee270f75830f590e5983960fddf743e4"
      url: "https://pub.dev"
    source: hosted
    version: "0.9.7"
  nested:
    dependency: transitive
    description:
      name: nested
      sha256: d3492747c400f5639b9d7d76a20d73b51581de20f8dab0d861d839e5a8aa6be5
      url: "https://pub.dev"
    source: hosted
    version: "0.0.4"
  node_interop:
    dependency: transitive
    description:
      name: node_interop
      sha256: "910d75f8589630cd197b8b7ec70e648bc380950b489b07bda1da0c5b20c4b8c1"
      url: "https://pub.dev"
    source: hosted
    version: "1.2.1"
  node_io:
    dependency: transitive
    description:
      name: node_io
      sha256: "36b74b2bcea9aa7484caa91e24bddde3f56e87fdc84f4da1cab7522a4b3680fe"
      url: "https://pub.dev"
    source: hosted
    version: "1.2.0"
  octo_image:
    dependency: transitive
    description:
      name: octo_image
      sha256: a261b7ac13f1129286e07206264f0df66d233f9aac3381566e09a5c0dfc30652
      url: "https://pub.dev"
    source: hosted
    version: "0.3.0"
  package_config:
    dependency: transitive
    description:
      name: package_config
      sha256: "08b3acb5f8c9736aaf26776864ea68441bb69a82d900cbce47cd962b3ddb12c9"
      url: "https://pub.dev"
    source: hosted
    version: "1.9.3"
  path:
    dependency: "direct main"
    description:
      name: path
      sha256: db9d4f58c908a4ba5953fcee2ae317c94889433e5024c27ce74a37f94267945b
      url: "https://pub.dev"
    source: hosted
    version: "1.8.2"
  path_drawing:
    dependency: transitive
    description:
      name: path_drawing
      sha256: b3dd74e2210b2b71be3d3098b956dbab853ee43a86918b4bc20c9b9bd49f03f3
      url: "https://pub.dev"
    source: hosted
    version: "0.4.1+1"
  path_parsing:
    dependency: transitive
    description:
      name: path_parsing
      sha256: "4e613c811d25f1533c0d05eb2755e21410247b8a13ac7f6cd23c0cecb2ff683d"
      url: "https://pub.dev"
    source: hosted
    version: "0.1.4"
  path_provider:
    dependency: "direct main"
    description:
      name: path_provider
      sha256: a7e09f3a1db83be011fb0b1cc5f2f6e3d2c93c797cc54359f784c560a922897b
      url: "https://pub.dev"
    source: hosted
    version: "1.6.27"
  path_provider_linux:
    dependency: transitive
    description:
      name: path_provider_linux
      sha256: "739b008776d4377ef8945db2d6f42d17ad7a280f0d0cdf961de26a69ea3964e5"
      url: "https://pub.dev"
    source: hosted
    version: "0.0.1+2"
  path_provider_macos:
    dependency: transitive
    description:
      name: path_provider_macos
      sha256: "4dd2f608f51cb62c1e76c4434c89cc98c010345d315e79d8cb4f41ebcac3c119"
      url: "https://pub.dev"
    source: hosted
    version: "0.0.4+8"
  path_provider_platform_interface:
    dependency: transitive
    description:
      name: path_provider_platform_interface
      sha256: e06b2d369e0eb863cf0c4876d0fb6943846876f7e51b2752059a5c6b05bf5354
      url: "https://pub.dev"
    source: hosted
    version: "1.0.4"
  path_provider_windows:
    dependency: transitive
    description:
      name: path_provider_windows
      sha256: aa4e314948959ec26867274fa47ca7af12918e6812375ca0b92e817e1b7834cb
      url: "https://pub.dev"
    source: hosted
    version: "0.0.4+3"
  pedantic:
    dependency: transitive
    description:
      name: pedantic
      sha256: e1d7612702b705bba0ca871035b8cc9f2f23164fe81240b76b4eeef350e4f500
      url: "https://pub.dev"
    source: hosted
    version: "1.9.2"
  petitparser:
    dependency: transitive
    description:
      name: petitparser
      sha256: fe07f9345bf03ff0c881d1f5494e20cc40206780ca5dea86aab8037cb49af5f2
      url: "https://pub.dev"
    source: hosted
    version: "3.1.0"
  platform:
    dependency: transitive
    description:
      name: platform
      sha256: "2d03e4330ae22fc7fc0dd38c1fc6d0a9dc7ff10d7deea6dbb2583f7e5c053453"
      url: "https://pub.dev"
    source: hosted
    version: "2.2.1"
  plugin_platform_interface:
    dependency: transitive
    description:
      name: plugin_platform_interface
      sha256: c3ebbff365bfb1b5f7b690c9857d2dabea167f35b05eb7586186499b407efb37
      url: "https://pub.dev"
    source: hosted
    version: "1.0.3"
  pool:
    dependency: transitive
    description:
      name: pool
      sha256: d5aa3ff42fe4f3a938c65f3c397895e5f888aea567ad7a5056f700e775c4b363
      url: "https://pub.dev"
    source: hosted
    version: "1.4.0"
  process:
    dependency: transitive
    description:
      name: process
      sha256: "6ae4895f82db61b3011d9a32517bc9f604c28833cfc765e63dbf134758f6290c"
      url: "https://pub.dev"
    source: hosted
    version: "3.0.13"
  provider:
    dependency: transitive
    description:
      name: provider
      sha256: af58e866ea76fa7d156ea5e6ffa1c28b52dabff5c87fbdf265f7c6adaa7a741d
      url: "https://pub.dev"
    source: hosted
    version: "4.3.3"
  pub_semver:
    dependency: transitive
    description:
      name: pub_semver
      sha256: "3c51ec0aaeccb85cacfe824816c60e1e3c53da586c64e1166422a906a4f7251c"
      url: "https://pub.dev"
    source: hosted
    version: "1.4.4"
  pubspec_parse:
    dependency: transitive
    description:
      name: pubspec_parse
      sha256: "5e5ef959100457b6243b4ff2ed1de7a1400df60c06ce23ed4f02671e236262cd"
      url: "https://pub.dev"
    source: hosted
    version: "0.1.7"
  quiver:
    dependency: transitive
    description:
      name: quiver
      sha256: e83f7ad1e6375da1400b54eea8793bba804d1731d68c5694490bf9296cd3ca24
      url: "https://pub.dev"
    source: hosted
    version: "2.1.5"
  rxdart:
    dependency: transitive
    description:
      name: rxdart
      sha256: c7cd7ceed33a8fdf7333f29058af577ae71be670132a70b013084b30e0d9e3c3
      url: "https://pub.dev"
    source: hosted
    version: "0.25.0"
  shelf:
    dependency: transitive
    description:
      name: shelf
      sha256: d16d1197f877e814f767be03c1c5940a397ae0ddb46dcfb9b5465074bb80ee37
      url: "https://pub.dev"
    source: hosted
    version: "0.7.9"
  shelf_web_socket:
    dependency: transitive
    description:
      name: shelf_web_socket
      sha256: e20ec869a8d9cf33463ad914bd6344365187477ae8b63004d324d9a969b7c5c2
      url: "https://pub.dev"
    source: hosted
    version: "0.2.4"
  shimmer:
    dependency: "direct main"
    description:
      name: shimmer
      sha256: cf3a663a5a9ef2c9603f28b1b57c52e456a55d262728ddf86bfdcaf5aa5309f7
      url: "https://pub.dev"
    source: hosted
    version: "1.1.2"
  sky_engine:
    dependency: transitive
    description: flutter
    source: sdk
    version: "0.0.99"
  source_gen:
    dependency: transitive
    description:
      name: source_gen
      sha256: "42da85edf0db1e00985bd8c742347798a3a45961253628574a95eb978b73d26f"
      url: "https://pub.dev"
    source: hosted
    version: "0.9.10+1"
  source_span:
    dependency: transitive
    description:
      name: source_span
      sha256: dd904f795d4b4f3b870833847c461801f6750a9fa8e61ea5ac53f9422b31f250
      url: "https://pub.dev"
    source: hosted
    version: "1.9.1"
  sqflite:
    dependency: transitive
    description:
      name: sqflite
      sha256: "7290497053cdee82cf86604e146776d05497bca5ffbce25f3a4fa24751b3147c"
      url: "https://pub.dev"
    source: hosted
    version: "1.3.2+3"
  sqflite_common:
    dependency: transitive
    description:
      name: sqflite_common
      sha256: "31dac537e459dccea2334fffd548ad20c3b92ee82deeea331c21a21585c5e983"
      url: "https://pub.dev"
    source: hosted
    version: "1.0.3+1"
  stack_trace:
    dependency: transitive
    description:
      name: stack_trace
      sha256: c3c7d8edb15bee7f0f74debd4b9c5f3c2ea86766fe4178eb2a18eb30a0bdaed5
      url: "https://pub.dev"
    source: hosted
    version: "1.11.0"
  stream_channel:
    dependency: transitive
    description:
      name: stream_channel
      sha256: "83615bee9045c1d322bbbd1ba209b7a749c2cbcdcb3fdd1df8eb488b3279c1c8"
      url: "https://pub.dev"
    source: hosted
    version: "2.1.1"
  stream_transform:
    dependency: transitive
    description:
      name: stream_transform
      sha256: "0727efc56e75321979e4e29c4b0dd26885b689fef7f35262ed9b4f5e4a52454a"
      url: "https://pub.dev"
    source: hosted
    version: "1.2.0"
  string_scanner:
    dependency: transitive
    description:
      name: string_scanner
      sha256: "556692adab6cfa87322a115640c11f13cb77b3f076ddcc5d6ae3c20242bedcde"
      url: "https://pub.dev"
    source: hosted
    version: "1.2.0"
  synchronized:
    dependency: transitive
    description:
      name: synchronized
      sha256: "294228ee6183405c4053a60e8b47c22956da37c92fd410c89ddf0279c188f735"
      url: "https://pub.dev"
    source: hosted
    version: "2.2.0+2"
  term_glyph:
    dependency: transitive
    description:
      name: term_glyph
      sha256: a29248a84fbb7c79282b40b8c72a1209db169a2e0542bce341da992fe1bc7e84
      url: "https://pub.dev"
    source: hosted
    version: "1.2.1"
  test_api:
    dependency: transitive
    description:
      name: test_api
      sha256: ad540f65f92caa91bf21dfc8ffb8c589d6e4dc0c2267818b4cc2792857706206
      url: "https://pub.dev"
    source: hosted
    version: "0.4.16"
  time:
    dependency: transitive
    description:
      name: time
      sha256: "6bbb0a778480b2c21153d27f2f3ebd7932a40e27e11c47ce5198d5783c5b1878"
      url: "https://pub.dev"
    source: hosted
    version: "1.4.0"
  timing:
    dependency: transitive
    description:
      name: timing
      sha256: "3f88d1d53e39741b541633abb7adf9eaf0efbd418dddcfd71a9ed1561ce2e811"
      url: "https://pub.dev"
    source: hosted
    version: "0.1.1+3"
  tuple:
    dependency: "direct main"
    description:
      name: tuple
      sha256: "2b6a02e9d42cde3e088c10961537684a85193b20c320b1def7c46d383458b450"
      url: "https://pub.dev"
    source: hosted
    version: "1.0.3"
  typed_data:
    dependency: transitive
    description:
      name: typed_data
      sha256: "26f87ade979c47a150c9eaab93ccd2bebe70a27dc0b4b29517f2904f04eb11a5"
      url: "https://pub.dev"
    source: hosted
    version: "1.3.1"
  uuid:
    dependency: transitive
    description:
      name: uuid
      sha256: bd96a5d86e807b44cac699f9735ef29d1e3354a96f4b2f7152000bae4c6d81b0
      url: "https://pub.dev"
    source: hosted
    version: "2.2.2"
  vector_math:
    dependency: transitive
    description:
      name: vector_math
      sha256: "80b3257d1492ce4d091729e3a67a60407d227c27241d6927be0130c98e741803"
      url: "https://pub.dev"
    source: hosted
    version: "2.1.4"
  video_player:
    dependency: "direct main"
    description:
      name: video_player
      sha256: "458e154aa80d92b23680e7ae46f3166a32d93fbc712c3e42556a9d6339b487c0"
      url: "https://pub.dev"
    source: hosted
    version: "1.0.1"
  video_player_platform_interface:
    dependency: transitive
    description:
      name: video_player_platform_interface
      sha256: bb4802458d45af51566048bcacd4977e2fbc1539bc6aa683893e8c82d009fa9c
      url: "https://pub.dev"
    source: hosted
    version: "2.2.0"
  video_player_web:
    dependency: transitive
    description:
      name: video_player_web
      sha256: "1b0fb9d61cc7dc4e4a79c1ca9d1903ba97bb1b8571868262184e9190babb1241"
      url: "https://pub.dev"
    source: hosted
    version: "0.1.4+1"
  watcher:
    dependency: transitive
    description:
      name: watcher
      sha256: c0b32652d41aa3c5053309286d96c4659f0d3001db9c97422c8700f163aa80e7
      url: "https://pub.dev"
    source: hosted
    version: "0.9.7+15"
  web_socket_channel:
    dependency: transitive
    description:
      name: web_socket_channel
      sha256: bfd93faab893a64920903d7d375517c18789c21e4c7daa5232a31ee126b7fea1
      url: "https://pub.dev"
    source: hosted
    version: "1.2.0"
  win32:
    dependency: transitive
    description:
      name: win32
      sha256: a96e8d78811ab1dfdfbb955f3c3f411f73dab5eb76707d3af13cafab53b412fa
      url: "https://pub.dev"
    source: hosted
    version: "1.7.4+1"
  xdg_directories:
    dependency: transitive
    description:
      name: xdg_directories
      sha256: "864af550b70b87218770f8d7efd2814c38a3d6cf7103f245cc5413da0df3aee2"
      url: "https://pub.dev"
    source: hosted
    version: "0.1.2"
  xml:
    dependency: transitive
    description:
      name: xml
      sha256: "4c4262c7dcf7b66fa8743cdfd37ccac03d6d50d3de4084b1a528de3107540752"
      url: "https://pub.dev"
    source: hosted
    version: "4.5.1"
  yaml:
    dependency: transitive
    description:
      name: yaml
      sha256: "5ec3d7ffef5a113f664e4c61c08508e23acb2d87021645468967200d684b9274"
      url: "https://pub.dev"
    source: hosted
    version: "2.2.1"
sdks:
  dart: ">=2.18.0 <3.0.0"
  flutter: ">=1.22.2"
